// !$*UTF8*$!
{
	archiveVersion = 1;
	classes = {
	};
	objectVersion = 52;
	objects = {

/* Begin PBXBuildFile section */
		0C34C0F327A2F1D100BCB262 /* PhaseViewModel.swift in Sources */ = {isa = PBXBuildFile; fileRef = 0C34C0F227A2F1D100BCB262 /* PhaseViewModel.swift */; };
		0C34C0FD27A312F200BCB262 /* RushingWater.m4a in Resources */ = {isa = PBXBuildFile; fileRef = 0C34C0FA27A312F200BCB262 /* RushingWater.m4a */; };
		0C34C10727A3373E00BCB262 /* AudioUtilities.swift in Sources */ = {isa = PBXBuildFile; fileRef = 0C34C10627A3373E00BCB262 /* AudioUtilities.swift */; };
		0C34C11027A4359700BCB262 /* RushingWaterPhased.m4a in Resources */ = {isa = PBXBuildFile; fileRef = 0C34C10D27A4359700BCB262 /* RushingWaterPhased.m4a */; };
		0C3D1C1B279C321800BBFFAC /* AudioContext.swift in Sources */ = {isa = PBXBuildFile; fileRef = 0C3D1C1A279C321800BBFFAC /* AudioContext.swift */; };
		0C9CEB93279B32E20076D484 /* AppDelegate.swift in Sources */ = {isa = PBXBuildFile; fileRef = 0C9CEB92279B32E20076D484 /* AppDelegate.swift */; };
		0C9CEB95279B32E20076D484 /* SceneDelegate.swift in Sources */ = {isa = PBXBuildFile; fileRef = 0C9CEB94279B32E20076D484 /* SceneDelegate.swift */; };
		0C9CEB97279B32E20076D484 /* ViewController.swift in Sources */ = {isa = PBXBuildFile; fileRef = 0C9CEB96279B32E20076D484 /* ViewController.swift */; };
		0C9CEB9A279B32E20076D484 /* Main.storyboard in Resources */ = {isa = PBXBuildFile; fileRef = 0C9CEB98279B32E20076D484 /* Main.storyboard */; };
		0C9CEB9C279B32E40076D484 /* Assets.xcassets in Resources */ = {isa = PBXBuildFile; fileRef = 0C9CEB9B279B32E40076D484 /* Assets.xcassets */; };
		0C9CEB9F279B32E40076D484 /* LaunchScreen.storyboard in Resources */ = {isa = PBXBuildFile; fileRef = 0C9CEB9D279B32E40076D484 /* LaunchScreen.storyboard */; };
		0C9CEBA9279B33400076D484 /* DSWaveformImage in Frameworks */ = {isa = PBXBuildFile; productRef = 0C9CEBA8279B33400076D484 /* DSWaveformImage */; };
/* End PBXBuildFile section */

/* Begin PBXFileReference section */
		0C34C0F227A2F1D100BCB262 /* PhaseViewModel.swift */ = {isa = PBXFileReference; lastKnownFileType = sourcecode.swift; path = PhaseViewModel.swift; sourceTree = "<group>"; };
		0C34C0FA27A312F200BCB262 /* RushingWater.m4a */ = {isa = PBXFileReference; lastKnownFileType = file; path = RushingWater.m4a; sourceTree = "<group>"; };
		0C34C10627A3373E00BCB262 /* AudioUtilities.swift */ = {isa = PBXFileReference; lastKnownFileType = sourcecode.swift; path = AudioUtilities.swift; sourceTree = "<group>"; };
		0C34C10D27A4359700BCB262 /* RushingWaterPhased.m4a */ = {isa = PBXFileReference; lastKnownFileType = file; path = RushingWaterPhased.m4a; sourceTree = "<group>"; };
		0C3D1C1A279C321800BBFFAC /* AudioContext.swift */ = {isa = PBXFileReference; lastKnownFileType = sourcecode.swift; path = AudioContext.swift; sourceTree = "<group>"; };
		0C9CEB8F279B32E20076D484 /* PhaseFixer.app */ = {isa = PBXFileReference; explicitFileType = wrapper.application; includeInIndex = 0; path = PhaseFixer.app; sourceTree = BUILT_PRODUCTS_DIR; };
		0C9CEB92279B32E20076D484 /* AppDelegate.swift */ = {isa = PBXFileReference; lastKnownFileType = sourcecode.swift; path = AppDelegate.swift; sourceTree = "<group>"; };
		0C9CEB94279B32E20076D484 /* SceneDelegate.swift */ = {isa = PBXFileReference; lastKnownFileType = sourcecode.swift; path = SceneDelegate.swift; sourceTree = "<group>"; };
		0C9CEB96279B32E20076D484 /* ViewController.swift */ = {isa = PBXFileReference; lastKnownFileType = sourcecode.swift; path = ViewController.swift; sourceTree = "<group>"; };
		0C9CEB99279B32E20076D484 /* Base */ = {isa = PBXFileReference; lastKnownFileType = file.storyboard; name = Base; path = Base.lproj/Main.storyboard; sourceTree = "<group>"; };
		0C9CEB9B279B32E40076D484 /* Assets.xcassets */ = {isa = PBXFileReference; lastKnownFileType = folder.assetcatalog; path = Assets.xcassets; sourceTree = "<group>"; };
		0C9CEB9E279B32E40076D484 /* Base */ = {isa = PBXFileReference; lastKnownFileType = file.storyboard; name = Base; path = Base.lproj/LaunchScreen.storyboard; sourceTree = "<group>"; };
		0C9CEBA0279B32E40076D484 /* Info.plist */ = {isa = PBXFileReference; lastKnownFileType = text.plist.xml; path = Info.plist; sourceTree = "<group>"; };
/* End PBXFileReference section */

/* Begin PBXFrameworksBuildPhase section */
		0C9CEB8C279B32E20076D484 /* Frameworks */ = {
			isa = PBXFrameworksBuildPhase;
			buildActionMask = 2147483647;
			files = (
				0C9CEBA9279B33400076D484 /* DSWaveformImage in Frameworks */,
			);
			runOnlyForDeploymentPostprocessing = 0;
		};
/* End PBXFrameworksBuildPhase section */

/* Begin PBXGroup section */
		0C34C10827A40FA800BCB262 /* Utilities */ = {
			isa = PBXGroup;
			children = (
				0C3D1C1A279C321800BBFFAC /* AudioContext.swift */,
				0C34C10627A3373E00BCB262 /* AudioUtilities.swift */,
			);
			path = Utilities;
			sourceTree = "<group>";
		};
		0C34C10927A40FD100BCB262 /* ViewModel */ = {
			isa = PBXGroup;
			children = (
				0C34C0F227A2F1D100BCB262 /* PhaseViewModel.swift */,
			);
			path = ViewModel;
			sourceTree = "<group>";
		};
		0C34C10B27A40FF800BCB262 /* Controller */ = {
			isa = PBXGroup;
			children = (
				0C9CEB96279B32E20076D484 /* ViewController.swift */,
			);
			path = Controller;
			sourceTree = "<group>";
		};
		0C3D1C24279C57E500BBFFAC /* Tracks */ = {
			isa = PBXGroup;
			children = (
				0C34C10D27A4359700BCB262 /* RushingWaterPhased.m4a */,
				0C34C0FA27A312F200BCB262 /* RushingWater.m4a */,
			);
			path = Tracks;
			sourceTree = "<group>";
		};
		0C3D1C25279C57F600BBFFAC /* View */ = {
			isa = PBXGroup;
			children = (
				0C9CEB98279B32E20076D484 /* Main.storyboard */,
				0C9CEB9D279B32E40076D484 /* LaunchScreen.storyboard */,
			);
			path = View;
			sourceTree = "<group>";
		};
		0C9CEB86279B32E20076D484 = {
			isa = PBXGroup;
			children = (
				0C9CEB91279B32E20076D484 /* PhaseFixer */,
				0C9CEB90279B32E20076D484 /* Products */,
			);
			sourceTree = "<group>";
		};
		0C9CEB90279B32E20076D484 /* Products */ = {
			isa = PBXGroup;
			children = (
				0C9CEB8F279B32E20076D484 /* PhaseFixer.app */,
			);
			name = Products;
			sourceTree = "<group>";
		};
		0C9CEB91279B32E20076D484 /* PhaseFixer */ = {
			isa = PBXGroup;
			children = (
				0C9CEB92279B32E20076D484 /* AppDelegate.swift */,
				0C9CEB94279B32E20076D484 /* SceneDelegate.swift */,
				0C34C10827A40FA800BCB262 /* Utilities */,
				0C34C10B27A40FF800BCB262 /* Controller */,
				0C34C10927A40FD100BCB262 /* ViewModel */,
				0C3D1C25279C57F600BBFFAC /* View */,
				0C3D1C24279C57E500BBFFAC /* Tracks */,
				0C9CEB9B279B32E40076D484 /* Assets.xcassets */,
				0C9CEBA0279B32E40076D484 /* Info.plist */,
			);
			path = PhaseFixer;
			sourceTree = "<group>";
		};
/* End PBXGroup section */

/* Begin PBXNativeTarget section */
		0C9CEB8E279B32E20076D484 /* PhaseFixer */ = {
			isa = PBXNativeTarget;
			buildConfigurationList = 0C9CEBA3279B32E40076D484 /* Build configuration list for PBXNativeTarget "PhaseFixer" */;
			buildPhases = (
				0C9CEB8B279B32E20076D484 /* Sources */,
				0C9CEB8C279B32E20076D484 /* Frameworks */,
				0C9CEB8D279B32E20076D484 /* Resources */,
			);
			buildRules = (
			);
			dependencies = (
			);
			name = PhaseFixer;
			packageProductDependencies = (
				0C9CEBA8279B33400076D484 /* DSWaveformImage */,
			);
			productName = PhaseFixer;
			productReference = 0C9CEB8F279B32E20076D484 /* PhaseFixer.app */;
			productType = "com.apple.product-type.application";
		};
/* End PBXNativeTarget section */

/* Begin PBXProject section */
		0C9CEB87279B32E20076D484 /* Project object */ = {
			isa = PBXProject;
			attributes = {
				LastSwiftUpdateCheck = 1250;
				LastUpgradeCheck = 1250;
				TargetAttributes = {
					0C9CEB8E279B32E20076D484 = {
						CreatedOnToolsVersion = 12.5.1;
					};
				};
			};
			buildConfigurationList = 0C9CEB8A279B32E20076D484 /* Build configuration list for PBXProject "PhaseFixer" */;
			compatibilityVersion = "Xcode 9.3";
			developmentRegion = en;
			hasScannedForEncodings = 0;
			knownRegions = (
				en,
				Base,
			);
			mainGroup = 0C9CEB86279B32E20076D484;
			packageReferences = (
				0C9CEBA7279B33400076D484 /* XCRemoteSwiftPackageReference "DSWaveformImage" */,
			);
			productRefGroup = 0C9CEB90279B32E20076D484 /* Products */;
			projectDirPath = "";
			projectRoot = "";
			targets = (
				0C9CEB8E279B32E20076D484 /* PhaseFixer */,
			);
		};
/* End PBXProject section */

/* Begin PBXResourcesBuildPhase section */
		0C9CEB8D279B32E20076D484 /* Resources */ = {
			isa = PBXResourcesBuildPhase;
			buildActionMask = 2147483647;
			files = (
				0C9CEB9F279B32E40076D484 /* LaunchScreen.storyboard in Resources */,
				0C9CEB9C279B32E40076D484 /* Assets.xcassets in Resources */,
				0C34C0FD27A312F200BCB262 /* RushingWater.m4a in Resources */,
				0C9CEB9A279B32E20076D484 /* Main.storyboard in Resources */,
				0C34C11027A4359700BCB262 /* RushingWaterPhased.m4a in Resources */,
			);
			runOnlyForDeploymentPostprocessing = 0;
		};
/* End PBXResourcesBuildPhase section */

/* Begin PBXSourcesBuildPhase section */
		0C9CEB8B279B32E20076D484 /* Sources */ = {
			isa = PBXSourcesBuildPhase;
			buildActionMask = 2147483647;
			files = (
				0C34C11927A4670400BCB262 /* Try.swift in Sources */,
				0C9CEB97279B32E20076D484 /* ViewController.swift in Sources */,
				0C34C10727A3373E00BCB262 /* AudioUtilities.swift in Sources */,
				0C3D1C1B279C321800BBFFAC /* AudioContext.swift in Sources */,
				0C9CEB93279B32E20076D484 /* AppDelegate.swift in Sources */,
				0C9CEB95279B32E20076D484 /* SceneDelegate.swift in Sources */,
				0C34C0F327A2F1D100BCB262 /* PhaseViewModel.swift in Sources */,
			);
			runOnlyForDeploymentPostprocessing = 0;
		};
/* End PBXSourcesBuildPhase section */

/* Begin PBXVariantGroup section */
		0C9CEB98279B32E20076D484 /* Main.storyboard */ = {
			isa = PBXVariantGroup;
			children = (
				0C9CEB99279B32E20076D484 /* Base */,
			);
			name = Main.storyboard;
			sourceTree = "<group>";
		};
		0C9CEB9D279B32E40076D484 /* LaunchScreen.storyboard */ = {
			isa = PBXVariantGroup;
			children = (
				0C9CEB9E279B32E40076D484 /* Base */,
			);
			name = LaunchScreen.storyboard;
			sourceTree = "<group>";
		};
/* End PBXVariantGroup section */

/* Begin XCBuildConfiguration section */
		0C9CEBA1279B32E40076D484 /* Debug */ = {
			isa = XCBuildConfiguration;
			buildSettings = {
				ALWAYS_SEARCH_USER_PATHS = NO;
				CLANG_ANALYZER_NONNULL = YES;
				CLANG_ANALYZER_NUMBER_OBJECT_CONVERSION = YES_AGGRESSIVE;
				CLANG_CXX_LANGUAGE_STANDARD = "gnu++14";
				CLANG_CXX_LIBRARY = "libc++";
				CLANG_ENABLE_MODULES = YES;
				CLANG_ENABLE_OBJC_ARC = YES;
				CLANG_ENABLE_OBJC_WEAK = YES;
				CLANG_WARN_BLOCK_CAPTURE_AUTORELEASING = YES;
				CLANG_WARN_BOOL_CONVERSION = YES;
				CLANG_WARN_COMMA = YES;
				CLANG_WARN_CONSTANT_CONVERSION = YES;
				CLANG_WARN_DEPRECATED_OBJC_IMPLEMENTATIONS = YES;
				CLANG_WARN_DIRECT_OBJC_ISA_USAGE = YES_ERROR;
				CLANG_WARN_DOCUMENTATION_COMMENTS = YES;
				CLANG_WARN_EMPTY_BODY = YES;
				CLANG_WARN_ENUM_CONVERSION = YES;
				CLANG_WARN_INFINITE_RECURSION = YES;
				CLANG_WARN_INT_CONVERSION = YES;
				CLANG_WARN_NON_LITERAL_NULL_CONVERSION = YES;
				CLANG_WARN_OBJC_IMPLICIT_RETAIN_SELF = YES;
				CLANG_WARN_OBJC_LITERAL_CONVERSION = YES;
				CLANG_WARN_OBJC_ROOT_CLASS = YES_ERROR;
				CLANG_WARN_QUOTED_INCLUDE_IN_FRAMEWORK_HEADER = YES;
				CLANG_WARN_RANGE_LOOP_ANALYSIS = YES;
				CLANG_WARN_STRICT_PROTOTYPES = YES;
				CLANG_WARN_SUSPICIOUS_MOVE = YES;
				CLANG_WARN_UNGUARDED_AVAILABILITY = YES_AGGRESSIVE;
				CLANG_WARN_UNREACHABLE_CODE = YES;
				CLANG_WARN__DUPLICATE_METHOD_MATCH = YES;
				COPY_PHASE_STRIP = NO;
				DEBUG_INFORMATION_FORMAT = dwarf;
				ENABLE_STRICT_OBJC_MSGSEND = YES;
				ENABLE_TESTABILITY = YES;
				GCC_C_LANGUAGE_STANDARD = gnu11;
				GCC_DYNAMIC_NO_PIC = NO;
				GCC_NO_COMMON_BLOCKS = YES;
				GCC_OPTIMIZATION_LEVEL = 0;
				GCC_PREPROCESSOR_DEFINITIONS = (
					"DEBUG=1",
					"$(inherited)",
				);
				GCC_WARN_64_TO_32_BIT_CONVERSION = YES;
				GCC_WARN_ABOUT_RETURN_TYPE = YES_ERROR;
				GCC_WARN_UNDECLARED_SELECTOR = YES;
				GCC_WARN_UNINITIALIZED_AUTOS = YES_AGGRESSIVE;
				GCC_WARN_UNUSED_FUNCTION = YES;
				GCC_WARN_UNUSED_VARIABLE = YES;
				IPHONEOS_DEPLOYMENT_TARGET = 14.5;
				MTL_ENABLE_DEBUG_INFO = INCLUDE_SOURCE;
				MTL_FAST_MATH = YES;
				ONLY_ACTIVE_ARCH = YES;
				SDKROOT = iphoneos;
				SWIFT_ACTIVE_COMPILATION_CONDITIONS = DEBUG;
				SWIFT_OPTIMIZATION_LEVEL = "-Onone";
			};
			name = Debug;
		};
		0C9CEBA2279B32E40076D484 /* Release */ = {
			isa = XCBuildConfiguration;
			buildSettings = {
				ALWAYS_SEARCH_USER_PATHS = NO;
				CLANG_ANALYZER_NONNULL = YES;
				CLANG_ANALYZER_NUMBER_OBJECT_CONVERSION = YES_AGGRESSIVE;
				CLANG_CXX_LANGUAGE_STANDARD = "gnu++14";
				CLANG_CXX_LIBRARY = "libc++";
				CLANG_ENABLE_MODULES = YES;
				CLANG_ENABLE_OBJC_ARC = YES;
				CLANG_ENABLE_OBJC_WEAK = YES;
				CLANG_WARN_BLOCK_CAPTURE_AUTORELEASING = YES;
				CLANG_WARN_BOOL_CONVERSION = YES;
				CLANG_WARN_COMMA = YES;
				CLANG_WARN_CONSTANT_CONVERSION = YES;
				CLANG_WARN_DEPRECATED_OBJC_IMPLEMENTATIONS = YES;
				CLANG_WARN_DIRECT_OBJC_ISA_USAGE = YES_ERROR;
				CLANG_WARN_DOCUMENTATION_COMMENTS = YES;
				CLANG_WARN_EMPTY_BODY = YES;
				CLANG_WARN_ENUM_CONVERSION = YES;
				CLANG_WARN_INFINITE_RECURSION = YES;
				CLANG_WARN_INT_CONVERSION = YES;
				CLANG_WARN_NON_LITERAL_NULL_CONVERSION = YES;
				CLANG_WARN_OBJC_IMPLICIT_RETAIN_SELF = YES;
				CLANG_WARN_OBJC_LITERAL_CONVERSION = YES;
				CLANG_WARN_OBJC_ROOT_CLASS = YES_ERROR;
				CLANG_WARN_QUOTED_INCLUDE_IN_FRAMEWORK_HEADER = YES;
				CLANG_WARN_RANGE_LOOP_ANALYSIS = YES;
				CLANG_WARN_STRICT_PROTOTYPES = YES;
				CLANG_WARN_SUSPICIOUS_MOVE = YES;
				CLANG_WARN_UNGUARDED_AVAILABILITY = YES_AGGRESSIVE;
				CLANG_WARN_UNREACHABLE_CODE = YES;
				CLANG_WARN__DUPLICATE_METHOD_MATCH = YES;
				COPY_PHASE_STRIP = NO;
				DEBUG_INFORMATION_FORMAT = "dwarf-with-dsym";
				ENABLE_NS_ASSERTIONS = NO;
				ENABLE_STRICT_OBJC_MSGSEND = YES;
				GCC_C_LANGUAGE_STANDARD = gnu11;
				GCC_NO_COMMON_BLOCKS = YES;
				GCC_WARN_64_TO_32_BIT_CONVERSION = YES;
				GCC_WARN_ABOUT_RETURN_TYPE = YES_ERROR;
				GCC_WARN_UNDECLARED_SELECTOR = YES;
				GCC_WARN_UNINITIALIZED_AUTOS = YES_AGGRESSIVE;
				GCC_WARN_UNUSED_FUNCTION = YES;
				GCC_WARN_UNUSED_VARIABLE = YES;
				IPHONEOS_DEPLOYMENT_TARGET = 14.5;
				MTL_ENABLE_DEBUG_INFO = NO;
				MTL_FAST_MATH = YES;
				SDKROOT = iphoneos;
				SWIFT_COMPILATION_MODE = wholemodule;
				SWIFT_OPTIMIZATION_LEVEL = "-O";
				VALIDATE_PRODUCT = YES;
			};
			name = Release;
		};
		0C9CEBA4279B32E40076D484 /* Debug */ = {
			isa = XCBuildConfiguration;
			buildSettings = {
				ASSETCATALOG_COMPILER_APPICON_NAME = AppIcon;
				ASSETCATALOG_COMPILER_GLOBAL_ACCENT_COLOR_NAME = AccentColor;
				CODE_SIGN_STYLE = Automatic;
				DEVELOPMENT_TEAM = T5GA7DTMUP;
				INFOPLIST_FILE = PhaseFixer/Info.plist;
				LD_RUNPATH_SEARCH_PATHS = (
					"$(inherited)",
					"@executable_path/Frameworks",
				);
				PRODUCT_BUNDLE_IDENTIFIER = com.israajamal.PhaseFixer;
				PRODUCT_NAME = "$(TARGET_NAME)";
				SWIFT_VERSION = 5.0;
				TARGETED_DEVICE_FAMILY = "1,2";
			};
			name = Debug;
		};
		0C9CEBA5279B32E40076D484 /* Release */ = {
			isa = XCBuildConfiguration;
			buildSettings = {
				ASSETCATALOG_COMPILER_APPICON_NAME = AppIcon;
				ASSETCATALOG_COMPILER_GLOBAL_ACCENT_COLOR_NAME = AccentColor;
				CODE_SIGN_STYLE = Automatic;
				DEVELOPMENT_TEAM = T5GA7DTMUP;
				INFOPLIST_FILE = PhaseFixer/Info.plist;
				LD_RUNPATH_SEARCH_PATHS = (
					"$(inherited)",
					"@executable_path/Frameworks",
				);
				PRODUCT_BUNDLE_IDENTIFIER = com.israajamal.PhaseFixer;
				PRODUCT_NAME = "$(TARGET_NAME)";
				SWIFT_VERSION = 5.0;
				TARGETED_DEVICE_FAMILY = "1,2";
			};
			name = Release;
		};
/* End XCBuildConfiguration section */

/* Begin XCConfigurationList section */
		0C9CEB8A279B32E20076D484 /* Build configuration list for PBXProject "PhaseFixer" */ = {
			isa = XCConfigurationList;
			buildConfigurations = (
				0C9CEBA1279B32E40076D484 /* Debug */,
				0C9CEBA2279B32E40076D484 /* Release */,
			);
			defaultConfigurationIsVisible = 0;
			defaultConfigurationName = Release;
		};
		0C9CEBA3279B32E40076D484 /* Build configuration list for PBXNativeTarget "PhaseFixer" */ = {
			isa = XCConfigurationList;
			buildConfigurations = (
				0C9CEBA4279B32E40076D484 /* Debug */,
				0C9CEBA5279B32E40076D484 /* Release */,
			);
			defaultConfigurationIsVisible = 0;
			defaultConfigurationName = Release;
		};
/* End XCConfigurationList section */

/* Begin XCRemoteSwiftPackageReference section */
		0C9CEBA7279B33400076D484 /* XCRemoteSwiftPackageReference "DSWaveformImage" */ = {
			isa = XCRemoteSwiftPackageReference;
			repositoryURL = "https://github.com/dmrschmidt/DSWaveformImage";
			requirement = {
				kind = upToNextMajorVersion;
				minimumVersion = 9.0.3;
			};
		};
/* End XCRemoteSwiftPackageReference section */

/* Begin XCSwiftPackageProductDependency section */
		0C9CEBA8279B33400076D484 /* DSWaveformImage */ = {
			isa = XCSwiftPackageProductDependency;
			package = 0C9CEBA7279B33400076D484 /* XCRemoteSwiftPackageReference "DSWaveformImage" */;
			productName = DSWaveformImage;
		};
/* End XCSwiftPackageProductDependency section */
	};
	rootObject = 0C9CEB87279B32E20076D484 /* Project object */;
}
