{
  "object": {
    "pins": [
      {
        "package": "DSWaveformImage",
        "repositoryURL": "https://github.com/dmrschmidt/DSWaveformImage",
        "state": {
          "branch": null,
          "revision": "20332dc8397854a4742869cc63f1e8ed91cda3d7",
          "version": "9.0.3"
        }
      }
    ]
  },
  "version": 1
}
